{
  "name": "city-matcher",
  "version": "1.0.0",
  "lockfileVersion": 3,
  "requires": true,
  "packages": {
    "": {
      "name": "city-matcher",
      "version": "1.0.0",
      "license": "ISC",
      "dependencies": {
        "bazi-calculator-by-alvamind": "^1.0.2",
        "lunar-javascript": "^1.7.7"
      }
    },
    "node_modules/@types/glob": {
      "version": "8.1.0",
      "resolved": "https://registry.npmmirror.com/@types/glob/-/glob-8.1.0.tgz",
      "integrity": "sha512-IO+MJPVhoqz+28h1qLAcBEH2+xHMK6MTyHJc7MTnnYb6wsoLR29POVGJ7LycmVXIqyy/4/2ShP5sUwTXuOwb/w==",
      "license": "MIT",
      "dependencies": {
        "@types/minimatch": "^5.1.2",
        "@types/node": "*"
      }
    },
    "node_modules/@types/minimatch": {
      "version": "5.1.2",
      "resolved": "https://registry.npmmirror.com/@types/minimatch/-/minimatch-5.1.2.tgz",
      "integrity": "sha512-K0VQKziLUWkVKiRVrx4a40iPaxTUefQmjtkQofBkYRcoaaL/8rhwDWww9qWbrgicNOgnpIsMxyNIUM4+n6dUIA==",
      "license": "MIT"
    },
    "node_modules/@types/node": {
      "version": "25.5.0",
      "resolved": "https://registry.npmmirror.com/@types/node/-/node-25.5.0.tgz",
      "integrity": "sha512-jp2P3tQMSxWugkCUKLRPVUpGaL5MVFwF8RDuSRztfwgN1wmqJeMSbKlnEtQqU8UrhTmzEmZdu2I6v2dpp7XIxw==",
      "license": "MIT",
      "dependencies": {
        "undici-types": "~7.18.0"
      }
    },
    "node_modules/alvamind-tools": {
      "version": "1.0.29",
      "resolved": "https://registry.npmmirror.com/alvamind-tools/-/alvamind-tools-1.0.29.tgz",
      "integrity": "sha512-NKP8ai0d+o226S11QXAH2gwrBuytRU2lPnH5qUNx/hi5XRir8zMiSrrdG4XrbksXptrYtT0gymfB6w6IgsaQYg==",
      "license": "MIT",
      "dependencies": {
        "@types/glob": "^8.1.0",
        "alvamind-workflow": "^1.0.14",
        "chalk": "4.1.2",
        "glob": "^8.1.0"
      },
      "bin": {
        "add-json-script": "dist/add-json-script.js",
        "alvamind": "dist/cli.js",
        "clean": "dist/tools/clean.js",
        "commit": "dist/tools/commit.js",
        "generate-source": "dist/tools/generate-source.js",
        "publish-npm": "dist/tools/npm-publish.js",
        "split-code": "dist/tools/split-files.js"
      }
    },
    "node_modules/alvamind-workflow": {
      "version": "1.0.15",
      "resolved": "https://registry.npmmirror.com/alvamind-workflow/-/alvamind-workflow-1.0.15.tgz",
      "integrity": "sha512-fpaOGZjtgACU7CkSoAM6ZUfb5Pm12yHP+EzK4wvxjt3uNPKagIXQWt1G+k38AARBwk/1///gsG/IpkiiVzjHzg==",
      "license": "MIT",
      "dependencies": {
        "alvamind-tools": "1.0.23",
        "chalk": "^5.3.0",
        "yaml": "^2.3.1"
      },
      "bin": {
        "workflow-run": "dist/cli.js"
      },
      "engines": {
        "node": ">=18.0.0"
      },
      "peerDependencies": {
        "typescript": "^5.0.0"
      }
    },
    "node_modules/alvamind-workflow/node_modules/alvamind-tools": {
      "version": "1.0.23",
      "resolved": "https://registry.npmmirror.com/alvamind-tools/-/alvamind-tools-1.0.23.tgz",
      "integrity": "sha512-UPgDBG2yKOOpiTGHVTkEZwxB5Dr9DuIe9vMC/6Bf7euVU+o5TxWanclUzV6jQtG09a1qVWzD4k9RijfANMqEFQ==",
      "license": "MIT",
      "dependencies": {
        "@types/glob": "^8.1.0",
        "chalk": "4.1.2",
        "glob": "^8.1.0"
      },
      "bin": {
        "add-json-script": "dist/add-json-script.js",
        "alvamind": "dist/cli.js",
        "clean": "dist/tools/clean.js",
        "commit": "dist/tools/commit.js",
        "generate-source": "dist/tools/generate-source.js",
        "publish-npm": "dist/tools/npm-publish.js",
        "split-code": "dist/tools/split-files.js"
      },
      "engines": {
        "node": ">=14.0.0"
      }
    },
    "node_modules/alvamind-workflow/node_modules/alvamind-tools/node_modules/chalk": {
      "version": "4.1.2",
      "resolved": "https://registry.npmmirror.com/chalk/-/chalk-4.1.2.tgz",
      "integrity": "sha512-oKnbhFyRIXpUuez8iBMmyEa4nbj4IOQyuhc/wy9kY7/WVPcwIO9VA668Pu8RkO7+0G76SLROeyw9CpQ061i4mA==",
      "license": "MIT",
      "dependencies": {
        "ansi-styles": "^4.1.0",
        "supports-color": "^7.1.0"
      },
      "engines": {
        "node": ">=10"
      },
      "funding": {
        "url": "https://github.com/chalk/chalk?sponsor=1"
      }
    },
    "node_modules/alvamind-workflow/node_modules/chalk": {
      "version": "5.6.2",
      "resolved": "https://registry.npmmirror.com/chalk/-/chalk-5.6.2.tgz",
      "integrity": "sha512-7NzBL0rN6fMUW+f7A6Io4h40qQlG+xGmtMxfbnH/K7TAtt8JQWVQK+6g0UXKMeVJoyV5EkkNsErQ8pVD3bLHbA==",
      "license": "MIT",
      "engines": {
        "node": "^12.17.0 || ^14.13 || >=16.0.0"
      },
      "funding": {
        "url": "https://github.com/chalk/chalk?sponsor=1"
      }
    },
    "node_modules/ansi-styles": {
      "version": "4.3.0",
      "resolved": "https://registry.npmmirror.com/ansi-styles/-/ansi-styles-4.3.0.tgz",
      "integrity": "sha512-zbB9rCJAT1rbjiVDb2hqKFHNYLxgtk8NURxZ3IZwD3F6NtxbXZQCnnSi1Lkx+IDohdPlFp222wVALIheZJQSEg==",
      "license": "MIT",
      "dependencies": {
        "color-convert": "^2.0.1"
      },
      "engines": {
        "node": ">=8"
      },
      "funding": {
        "url": "https://github.com/chalk/ansi-styles?sponsor=1"
      }
    },
    "node_modules/balanced-match": {
      "version": "1.0.2",
      "resolved": "https://registry.npmmirror.com/balanced-match/-/balanced-match-1.0.2.tgz",
      "integrity": "sha512-3oSeUO0TMV67hN1AmbXsK4yaqU7tjiHlbxRDZOpH0KW9+CeX4bRAaX0Anxt0tx2MrpRpWwQaPwIlISEJhYU5Pw==",
      "license": "MIT"
    },
    "node_modules/bazi-calculator-by-alvamind": {
      "version": "1.0.2",
      "resolved": "https://registry.npmmirror.com/bazi-calculator-by-alvamind/-/bazi-calculator-by-alvamind-1.0.2.tgz",
      "integrity": "sha512-XaAPnZH80y+9QFBp5uqLJoVN4BF+5pX+whVkCUnlT/JMQAD26x401p3hPE4D4SUyltAckW5TDM045V3ftJKv4w==",
      "license": "MIT",
      "dependencies": {
        "alvamind-tools": "^1.0.23"
      },
      "peerDependencies": {
        "typescript": "^5.0.0"
      }
    },
    "node_modules/brace-expansion": {
      "version": "2.0.2",
      "resolved": "https://registry.npmmirror.com/brace-expansion/-/brace-expansion-2.0.2.tgz",
      "integrity": "sha512-Jt0vHyM+jmUBqojB7E1NIYadt0vI0Qxjxd2TErW94wDz+E2LAm5vKMXXwg6ZZBTHPuUlDgQHKXvjGBdfcF1ZDQ==",
      "license": "MIT",
      "dependencies": {
        "balanced-match": "^1.0.0"
      }
    },
    "node_modules/chalk": {
      "version": "4.1.2",
      "resolved": "https://registry.npmmirror.com/chalk/-/chalk-4.1.2.tgz",
      "integrity": "sha512-oKnbhFyRIXpUuez8iBMmyEa4nbj4IOQyuhc/wy9kY7/WVPcwIO9VA668Pu8RkO7+0G76SLROeyw9CpQ061i4mA==",
      "license": "MIT",
      "dependencies": {
        "ansi-styles": "^4.1.0",
        "supports-color": "^7.1.0"
      },
      "engines": {
        "node": ">=10"
      },
      "funding": {
        "url": "https://github.com/chalk/chalk?sponsor=1"
      }
    },
    "node_modules/color-convert": {
      "version": "2.0.1",
      "resolved": "https://registry.npmmirror.com/color-convert/-/color-convert-2.0.1.tgz",
      "integrity": "sha512-RRECPsj7iu/xb5oKYcsFHSppFNnsj/52OVTRKb4zP5onXwVF3zVmmToNcOfGC+CRDpfK/U584fMg38ZHCaElKQ==",
      "license": "MIT",
      "dependencies": {
        "color-name": "~1.1.4"
      },
      "engines": {
        "node": ">=7.0.0"
      }
    },
    "node_modules/color-name": {
      "version": "1.1.4",
      "resolved": "https://registry.npmmirror.com/color-name/-/color-name-1.1.4.tgz",
      "integrity": "sha512-dOy+3AuW3a2wNbZHIuMZpTcgjGuLU/uBL/ubcZF9OXbDo8ff4O8yVp5Bf0efS8uEoYo5q4Fx7dY9OgQGXgAsQA==",
      "license": "MIT"
    },
    "node_modules/fs.realpath": {
      "version": "1.0.0",
      "resolved": "https://registry.npmmirror.com/fs.realpath/-/fs.realpath-1.0.0.tgz",
      "integrity": "sha512-OO0pH2lK6a0hZnAdau5ItzHPI6pUlvI7jMVnxUQRtw4owF2wk8lOSabtGDCTP4Ggrg2MbGnWO9X8K1t4+fGMDw==",
      "license": "ISC"
    },
    "node_modules/glob": {
      "version": "8.1.0",
      "resolved": "https://registry.npmmirror.com/glob/-/glob-8.1.0.tgz",
      "integrity": "sha512-r8hpEjiQEYlF2QU0df3dS+nxxSIreXQS1qRhMJM0Q5NDdR386C7jb7Hwwod8Fgiuex+k0GFjgft18yvxm5XoCQ==",
      "deprecated": "Glob versions prior to v9 are no longer supported",
      "license": "ISC",
      "dependencies": {
        "fs.realpath": "^1.0.0",
        "inflight": "^1.0.4",
        "inherits": "2",
        "minimatch": "^5.0.1",
        "once": "^1.3.0"
      },
      "engines": {
        "node": ">=12"
      },
      "funding": {
        "url": "https://github.com/sponsors/isaacs"
      }
    },
    "node_modules/has-flag": {
      "version": "4.0.0",
      "resolved": "https://registry.npmmirror.com/has-flag/-/has-flag-4.0.0.tgz",
      "integrity": "sha512-EykJT/Q1KjTWctppgIAgfSO0tKVuZUjhgMr17kqTumMl6Afv3EISleU7qZUzoXDFTAHTDC4NOoG/ZxU3EvlMPQ==",
      "license": "MIT",
      "engines": {
        "node": ">=8"
      }
    },
    "node_modules/inflight": {
      "version": "1.0.6",
      "resolved": "https://registry.npmmirror.com/inflight/-/inflight-1.0.6.tgz",
      "integrity": "sha512-k92I/b08q4wvFscXCLvqfsHCrjrF7yiXsQuIVvVE7N82W3+aqpzuUdBbfhWcy/FZR3/4IgflMgKLOsvPDrGCJA==",
      "deprecated": "This module is not supported, and leaks memory. Do not use it. Check out lru-cache if you want a good and tested way to coalesce async requests by a key value, which is much more comprehensive and powerful.",
      "license": "ISC",
      "dependencies": {
        "once": "^1.3.0",
        "wrappy": "1"
      }
    },
    "node_modules/inherits": {
      "version": "2.0.4",
      "resolved": "https://registry.npmmirror.com/inherits/-/inherits-2.0.4.tgz",
      "integrity": "sha512-k/vGaX4/Yla3WzyMCvTQOXYeIHvqOKtnqBduzTHpzpQZzAskKMhZ2K+EnBiSM9zGSoIFeMpXKxa4dYeZIQqewQ==",
      "license": "ISC"
    },
    "node_modules/lunar-javascript": {
      "version": "1.7.7",
      "resolved": "https://registry.npmmirror.com/lunar-javascript/-/lunar-javascript-1.7.7.tgz",
      "integrity": "sha512-u/KYiwPIBo/0bT+WWfU7qO1d+aqeB90Tuy4ErXenr2Gam0QcWeezUvtiOIyXR7HbVnW2I1DKfU0NBvzMZhbVQw==",
      "license": "MIT"
    },
    "node_modules/minimatch": {
      "version": "5.1.9",
      "resolved": "https://registry.npmmirror.com/minimatch/-/minimatch-5.1.9.tgz",
      "integrity": "sha512-7o1wEA2RyMP7Iu7GNba9vc0RWWGACJOCZBJX2GJWip0ikV+wcOsgVuY9uE8CPiyQhkGFSlhuSkZPavN7u1c2Fw==",
      "license": "ISC",
      "dependencies": {
        "brace-expansion": "^2.0.1"
      },
      "engines": {
        "node": ">=10"
      }
    },
    "node_modules/once": {
      "version": "1.4.0",
      "resolved": "https://registry.npmmirror.com/once/-/once-1.4.0.tgz",
      "integrity": "sha512-lNaJgI+2Q5URQBkccEKHTQOPaXdUxnZZElQTZY0MFUAuaEqe1E+Nyvgdz/aIyNi6Z9MzO5dv1H8n58/GELp3+w==",
      "license": "ISC",
      "dependencies": {
        "wrappy": "1"
      }
    },
    "node_modules/supports-color": {
      "version": "7.2.0",
      "resolved": "https://registry.npmmirror.com/supports-color/-/supports-color-7.2.0.tgz",
      "integrity": "sha512-qpCAvRl9stuOHveKsn7HncJRvv501qIacKzQlO/+Lwxc9+0q2wLyv4Dfvt80/DPn2pqOBsJdDiogXGR9+OvwRw==",
      "license": "MIT",
      "dependencies": {
        "has-flag": "^4.0.0"
      },
      "engines": {
        "node": ">=8"
      }
    },
    "node_modules/typescript": {
      "version": "5.9.3",
      "resolved": "https://registry.npmmirror.com/typescript/-/typescript-5.9.3.tgz",
      "integrity": "sha512-jl1vZzPDinLr9eUt3J/t7V6FgNEw9QjvBPdysz9KfQDD41fQrC2Y4vKQdiaUpFT4bXlb1RHhLpp8wtm6M5TgSw==",
      "license": "Apache-2.0",
      "peer": true,
      "bin": {
        "tsc": "bin/tsc",
        "tsserver": "bin/tsserver"
      },
      "engines": {
        "node": ">=14.17"
      }
    },
    "node_modules/undici-types": {
      "version": "7.18.2",
      "resolved": "https://registry.npmmirror.com/undici-types/-/undici-types-7.18.2.tgz",
      "integrity": "sha512-AsuCzffGHJybSaRrmr5eHr81mwJU3kjw6M+uprWvCXiNeN9SOGwQ3Jn8jb8m3Z6izVgknn1R0FTCEAP2QrLY/w==",
      "license": "MIT"
    },
    "node_modules/wrappy": {
      "version": "1.0.2",
      "resolved": "https://registry.npmmirror.com/wrappy/-/wrappy-1.0.2.tgz",
      "integrity": "sha512-l4Sp/DRseor9wL6EvV2+TuQn63dMkPjZ/sp9XkghTEbV9KlPS1xUsZ3u7/IQO4wxtcFB4bgpQPRcR3QCvezPcQ==",
      "license": "ISC"
    },
    "node_modules/yaml": {
      "version": "2.8.2",
      "resolved": "https://registry.npmmirror.com/yaml/-/yaml-2.8.2.tgz",
      "integrity": "sha512-mplynKqc1C2hTVYxd0PU2xQAc22TI1vShAYGksCCfxbn/dFwnHTNi1bvYsBTkhdUNtGIf5xNOg938rrSSYvS9A==",
      "license": "ISC",
      "bin": {
        "yaml": "bin.mjs"
      },
      "engines": {
        "node": ">= 14.6"
      },
      "funding": {
        "url": "https://github.com/sponsors/eemeli"
      }
    }
  }
}
